[tools.cosign]
version = "2.5.3"
backend = "aqua:sigstore/cosign"

[tools.cosign.platforms.macos-arm64]
checksum = "sha256:86e0cad94d0da4c0dab5e26672ede71447a08a0f0d8495b9381c117df27d7d09"
size = 152385074
url = "https://github.com/sigstore/cosign/releases/download/v2.5.3/cosign-darwin-arm64"

[tools.go]
version = "1.25.0"
backend = "core:go"

[tools.go.platforms.macos-arm64]
checksum = "sha256:544932844156d8172f7a28f77f2ac9c15a23046698b6243f633b0a0b00c0749c"
size = 57906112
url = "https://dl.google.com/go/go1.25.0.darwin-arm64.tar.gz"

[tools.usage]
version = "2.2.2"
backend = "ubi:jdx/usage"

[tools.usage.platforms.macos-arm64-usage]
checksum = "blake3:8a7b96db5e8d04f208a9728f6eaa7e10d17de5357b091fa83e87c591225cf87b"
